
Microsoft Visual Studio Solution File, Format Version 12.00
# Visual Studio Version 17
VisualStudioVersion = 17.3.32825.248
MinimumVisualStudioVersion = 10.0.40219.1
Project("{FAE04EC0-301F-11D3-BF4B-00C04F79EFBC}") = "Assignment_02_Account_Details", "Assignment_02_Account_Details.csproj", "{0EE6CADD-B5B6-4645-835E-9E44988CE552}"
EndProject
Global
	GlobalSection(SolutionConfigurationPlatforms) = preSolution
		Debug|Any CPU = Debug|Any CPU
		Release|Any CPU = Release|Any CPU
	EndGlobalSection
	GlobalSection(ProjectConfigurationPlatforms) = postSolution
		{0EE6CADD-B5B6-4645-835E-9E44988CE552}.Debug|Any CPU.ActiveCfg = Debug|Any CPU
		{0EE6CADD-B5B6-4645-835E-9E44988CE552}.Debug|Any CPU.Build.0 = Debug|Any CPU
		{0EE6CADD-B5B6-4645-835E-9E44988CE552}.Release|Any CPU.ActiveCfg = Release|Any CPU
		{0EE6CADD-B5B6-4645-835E-9E44988CE552}.Release|Any CPU.Build.0 = Release|Any CPU
	EndGlobalSection
	GlobalSection(SolutionProperties) = preSolution
		HideSolutionNode = FALSE
	EndGlobalSection
	GlobalSection(ExtensibilityGlobals) = postSolution
		SolutionGuid = {E55C4916-DA8C-4F51-A1AF-EC01B9E0C0E9}
	EndGlobalSection
EndGlobal
