
Microsoft Visual Studio Solution File, Format Version 12.00
# Visual Studio Version 17
VisualStudioVersion = 17.3.32825.248
MinimumVisualStudioVersion = 10.0.40219.1
Project("{FAE04EC0-301F-11D3-BF4B-00C04F79EFBC}") = "Assignment_03", "Assignment_03.csproj", "{05504EAB-4983-4AF5-B78C-E9DFA410CADD}"
EndProject
Global
	GlobalSection(SolutionConfigurationPlatforms) = preSolution
		Debug|Any CPU = Debug|Any CPU
		Release|Any CPU = Release|Any CPU
	EndGlobalSection
	GlobalSection(ProjectConfigurationPlatforms) = postSolution
		{05504EAB-4983-4AF5-B78C-E9DFA410CADD}.Debug|Any CPU.ActiveCfg = Debug|Any CPU
		{05504EAB-4983-4AF5-B78C-E9DFA410CADD}.Debug|Any CPU.Build.0 = Debug|Any CPU
		{05504EAB-4983-4AF5-B78C-E9DFA410CADD}.Release|Any CPU.ActiveCfg = Release|Any CPU
		{05504EAB-4983-4AF5-B78C-E9DFA410CADD}.Release|Any CPU.Build.0 = Release|Any CPU
	EndGlobalSection
	GlobalSection(SolutionProperties) = preSolution
		HideSolutionNode = FALSE
	EndGlobalSection
	GlobalSection(ExtensibilityGlobals) = postSolution
		SolutionGuid = {3744FC47-80BE-423D-966D-AE543552F655}
	EndGlobalSection
EndGlobal
