
Microsoft Visual Studio Solution File, Format Version 12.00
# Visual Studio Version 17
VisualStudioVersion = 17.3.32825.248
MinimumVisualStudioVersion = 10.0.40219.1
Project("{FAE04EC0-301F-11D3-BF4B-00C04F79EFBC}") = "Assignmnet_01_C_sharp_Code", "Assignmnet_01_C_sharp_Code.csproj", "{285D3159-0420-4CF4-8DBD-F9F33F07657E}"
EndProject
Global
	GlobalSection(SolutionConfigurationPlatforms) = preSolution
		Debug|Any CPU = Debug|Any CPU
		Release|Any CPU = Release|Any CPU
	EndGlobalSection
	GlobalSection(ProjectConfigurationPlatforms) = postSolution
		{285D3159-0420-4CF4-8DBD-F9F33F07657E}.Debug|Any CPU.ActiveCfg = Debug|Any CPU
		{285D3159-0420-4CF4-8DBD-F9F33F07657E}.Debug|Any CPU.Build.0 = Debug|Any CPU
		{285D3159-0420-4CF4-8DBD-F9F33F07657E}.Release|Any CPU.ActiveCfg = Release|Any CPU
		{285D3159-0420-4CF4-8DBD-F9F33F07657E}.Release|Any CPU.Build.0 = Release|Any CPU
	EndGlobalSection
	GlobalSection(SolutionProperties) = preSolution
		HideSolutionNode = FALSE
	EndGlobalSection
	GlobalSection(ExtensibilityGlobals) = postSolution
		SolutionGuid = {DB59C6F4-E9A0-46B1-8497-B7671845AE9E}
	EndGlobalSection
EndGlobal
